
Microsoft Visual Studio Solution File, Format Version 12.00
# Visual Studio 14
VisualStudioVersion = 14.0.25123.0
MinimumVisualStudioVersion = 10.0.40219.1
Project("{FAE04EC0-301F-11D3-BF4B-00C04F79EFBC}") = "Tetris", "Tetris\Tetris.csproj", "{2AC0798C-0458-441D-ADAB-BD8080D8C902}"
EndProject
Project("{F088123C-0E9E-452A-89E6-6BA2F21D5CAC}") = "TetrisModel", "TetrisModel\TetrisModel.modelproj", "{61459095-5A8F-46AA-912C-740147FD5FE2}"
EndProject
Global
	GlobalSection(SolutionConfigurationPlatforms) = preSolution
		Debug|Any CPU = Debug|Any CPU
		Release|Any CPU = Release|Any CPU
	EndGlobalSection
	GlobalSection(ProjectConfigurationPlatforms) = postSolution
		{2AC0798C-0458-441D-ADAB-BD8080D8C902}.Debug|Any CPU.ActiveCfg = Debug|Any CPU
		{2AC0798C-0458-441D-ADAB-BD8080D8C902}.Debug|Any CPU.Build.0 = Debug|Any CPU
		{2AC0798C-0458-441D-ADAB-BD8080D8C902}.Release|Any CPU.ActiveCfg = Release|Any CPU
		{2AC0798C-0458-441D-ADAB-BD8080D8C902}.Release|Any CPU.Build.0 = Release|Any CPU
		{61459095-5A8F-46AA-912C-740147FD5FE2}.Debug|Any CPU.ActiveCfg = Debug|Any CPU
		{61459095-5A8F-46AA-912C-740147FD5FE2}.Debug|Any CPU.Build.0 = Debug|Any CPU
		{61459095-5A8F-46AA-912C-740147FD5FE2}.Release|Any CPU.ActiveCfg = Release|Any CPU
		{61459095-5A8F-46AA-912C-740147FD5FE2}.Release|Any CPU.Build.0 = Release|Any CPU
	EndGlobalSection
	GlobalSection(SolutionProperties) = preSolution
		HideSolutionNode = FALSE
	EndGlobalSection
EndGlobal
